{
  "name": "AppBanner",
  "lockfileVersion": 3,
  "requires": true,
  "packages": {
    "": {
      "dependencies": {
        "smartbanner.js": "^1.19.3"
      }
    },
    "node_modules/smartbanner.js": {
      "version": "1.19.3",
      "resolved": "https://registry.npmjs.org/smartbanner.js/-/smartbanner.js-1.19.3.tgz",
      "integrity": "sha512-30JaYaPHO0VRC8MXGeUGWm1jF3+kCwKgV2GW9uLa8J3zOuv9D9ZhZo0IKf/xIcX0HQBRisOU4RPhEj7UrNt8Sw==",
      "engines": {
        "node": ">=10.24.1 <21.0.0"
      },
      "funding": {
        "url": "https://github.com/sponsors/ain"
      }
    }
  }
}
